
Microsoft Visual Studio Solution File, Format Version 12.00
# Visual Studio Version 17
VisualStudioVersion = 17.0.31903.59
MinimumVisualStudioVersion = 10.0.40219.1
Project("{2150E333-8FDC-42A3-9474-1A3956D46DE8}") = "src", "src", "{827E0CD3-B72D-47B6-A68D-7590B98EB39B}"
EndProject
Project("{FAE04EC0-301F-11D3-BF4B-00C04F79EFBC}") = "LandWealth.Domain", "src\LandWealth.Domain\LandWealth.Domain.csproj", "{AC856AF3-1614-49CE-86B5-F8DB1FA774FC}"
EndProject
Project("{FAE04EC0-301F-11D3-BF4B-00C04F79EFBC}") = "LandWealth.Application", "src\LandWealth.Application\LandWealth.Application.csproj", "{1BB18113-497C-4EDA-B762-BFD7E9B177BF}"
EndProject
Project("{FAE04EC0-301F-11D3-BF4B-00C04F79EFBC}") = "LandWealth.Infrastructure", "src\LandWealth.Infrastructure\LandWealth.Infrastructure.csproj", "{81BA5814-B4C5-40C6-8750-03FF6F8E79E5}"
EndProject
Project("{FAE04EC0-301F-11D3-BF4B-00C04F79EFBC}") = "LandWealth.Api", "src\LandWealth.Api\LandWealth.Api.csproj", "{2C95D89F-332F-45D6-BFD5-08F18B0B7650}"
EndProject
Project("{2150E333-8FDC-42A3-9474-1A3956D46DE8}") = "tests", "tests", "{0AB3BF05-4346-4AA6-1389-037BE0695223}"
EndProject
Project("{FAE04EC0-301F-11D3-BF4B-00C04F79EFBC}") = "LandWealth.UnitTests", "tests\LandWealth.UnitTests\LandWealth.UnitTests.csproj", "{9F103EBC-0A82-43E9-87B6-3451EC2FC039}"
EndProject
Project("{FAE04EC0-301F-11D3-BF4B-00C04F79EFBC}") = "LandWealth.IntegrationTests", "tests\LandWealth.IntegrationTests\LandWealth.IntegrationTests.csproj", "{E2A904C7-A00C-4525-BDF8-A098E73D8EC0}"
EndProject
Global
	GlobalSection(SolutionConfigurationPlatforms) = preSolution
		Debug|Any CPU = Debug|Any CPU
		Debug|x64 = Debug|x64
		Debug|x86 = Debug|x86
		Release|Any CPU = Release|Any CPU
		Release|x64 = Release|x64
		Release|x86 = Release|x86
	EndGlobalSection
	GlobalSection(ProjectConfigurationPlatforms) = postSolution
		{AC856AF3-1614-49CE-86B5-F8DB1FA774FC}.Debug|Any CPU.ActiveCfg = Debug|Any CPU
		{AC856AF3-1614-49CE-86B5-F8DB1FA774FC}.Debug|Any CPU.Build.0 = Debug|Any CPU
		{AC856AF3-1614-49CE-86B5-F8DB1FA774FC}.Debug|x64.ActiveCfg = Debug|Any CPU
		{AC856AF3-1614-49CE-86B5-F8DB1FA774FC}.Debug|x64.Build.0 = Debug|Any CPU
		{AC856AF3-1614-49CE-86B5-F8DB1FA774FC}.Debug|x86.ActiveCfg = Debug|Any CPU
		{AC856AF3-1614-49CE-86B5-F8DB1FA774FC}.Debug|x86.Build.0 = Debug|Any CPU
		{AC856AF3-1614-49CE-86B5-F8DB1FA774FC}.Release|Any CPU.ActiveCfg = Release|Any CPU
		{AC856AF3-1614-49CE-86B5-F8DB1FA774FC}.Release|Any CPU.Build.0 = Release|Any CPU
		{AC856AF3-1614-49CE-86B5-F8DB1FA774FC}.Release|x64.ActiveCfg = Release|Any CPU
		{AC856AF3-1614-49CE-86B5-F8DB1FA774FC}.Release|x64.Build.0 = Release|Any CPU
		{AC856AF3-1614-49CE-86B5-F8DB1FA774FC}.Release|x86.ActiveCfg = Release|Any CPU
		{AC856AF3-1614-49CE-86B5-F8DB1FA774FC}.Release|x86.Build.0 = Release|Any CPU
		{1BB18113-497C-4EDA-B762-BFD7E9B177BF}.Debug|Any CPU.ActiveCfg = Debug|Any CPU
		{1BB18113-497C-4EDA-B762-BFD7E9B177BF}.Debug|Any CPU.Build.0 = Debug|Any CPU
		{1BB18113-497C-4EDA-B762-BFD7E9B177BF}.Debug|x64.ActiveCfg = Debug|Any CPU
		{1BB18113-497C-4EDA-B762-BFD7E9B177BF}.Debug|x64.Build.0 = Debug|Any CPU
		{1BB18113-497C-4EDA-B762-BFD7E9B177BF}.Debug|x86.ActiveCfg = Debug|Any CPU
		{1BB18113-497C-4EDA-B762-BFD7E9B177BF}.Debug|x86.Build.0 = Debug|Any CPU
		{1BB18113-497C-4EDA-B762-BFD7E9B177BF}.Release|Any CPU.ActiveCfg = Release|Any CPU
		{1BB18113-497C-4EDA-B762-BFD7E9B177BF}.Release|Any CPU.Build.0 = Release|Any CPU
		{1BB18113-497C-4EDA-B762-BFD7E9B177BF}.Release|x64.ActiveCfg = Release|Any CPU
		{1BB18113-497C-4EDA-B762-BFD7E9B177BF}.Release|x64.Build.0 = Release|Any CPU
		{1BB18113-497C-4EDA-B762-BFD7E9B177BF}.Release|x86.ActiveCfg = Release|Any CPU
		{1BB18113-497C-4EDA-B762-BFD7E9B177BF}.Release|x86.Build.0 = Release|Any CPU
		{81BA5814-B4C5-40C6-8750-03FF6F8E79E5}.Debug|Any CPU.ActiveCfg = Debug|Any CPU
		{81BA5814-B4C5-40C6-8750-03FF6F8E79E5}.Debug|Any CPU.Build.0 = Debug|Any CPU
		{81BA5814-B4C5-40C6-8750-03FF6F8E79E5}.Debug|x64.ActiveCfg = Debug|Any CPU
		{81BA5814-B4C5-40C6-8750-03FF6F8E79E5}.Debug|x64.Build.0 = Debug|Any CPU
		{81BA5814-B4C5-40C6-8750-03FF6F8E79E5}.Debug|x86.ActiveCfg = Debug|Any CPU
		{81BA5814-B4C5-40C6-8750-03FF6F8E79E5}.Debug|x86.Build.0 = Debug|Any CPU
		{81BA5814-B4C5-40C6-8750-03FF6F8E79E5}.Release|Any CPU.ActiveCfg = Release|Any CPU
		{81BA5814-B4C5-40C6-8750-03FF6F8E79E5}.Release|Any CPU.Build.0 = Release|Any CPU
		{81BA5814-B4C5-40C6-8750-03FF6F8E79E5}.Release|x64.ActiveCfg = Release|Any CPU
		{81BA5814-B4C5-40C6-8750-03FF6F8E79E5}.Release|x64.Build.0 = Release|Any CPU
		{81BA5814-B4C5-40C6-8750-03FF6F8E79E5}.Release|x86.ActiveCfg = Release|Any CPU
		{81BA5814-B4C5-40C6-8750-03FF6F8E79E5}.Release|x86.Build.0 = Release|Any CPU
		{2C95D89F-332F-45D6-BFD5-08F18B0B7650}.Debug|Any CPU.ActiveCfg = Debug|Any CPU
		{2C95D89F-332F-45D6-BFD5-08F18B0B7650}.Debug|Any CPU.Build.0 = Debug|Any CPU
		{2C95D89F-332F-45D6-BFD5-08F18B0B7650}.Debug|x64.ActiveCfg = Debug|Any CPU
		{2C95D89F-332F-45D6-BFD5-08F18B0B7650}.Debug|x64.Build.0 = Debug|Any CPU
		{2C95D89F-332F-45D6-BFD5-08F18B0B7650}.Debug|x86.ActiveCfg = Debug|Any CPU
		{2C95D89F-332F-45D6-BFD5-08F18B0B7650}.Debug|x86.Build.0 = Debug|Any CPU
		{2C95D89F-332F-45D6-BFD5-08F18B0B7650}.Release|Any CPU.ActiveCfg = Release|Any CPU
		{2C95D89F-332F-45D6-BFD5-08F18B0B7650}.Release|Any CPU.Build.0 = Release|Any CPU
		{2C95D89F-332F-45D6-BFD5-08F18B0B7650}.Release|x64.ActiveCfg = Release|Any CPU
		{2C95D89F-332F-45D6-BFD5-08F18B0B7650}.Release|x64.Build.0 = Release|Any CPU
		{2C95D89F-332F-45D6-BFD5-08F18B0B7650}.Release|x86.ActiveCfg = Release|Any CPU
		{2C95D89F-332F-45D6-BFD5-08F18B0B7650}.Release|x86.Build.0 = Release|Any CPU
		{9F103EBC-0A82-43E9-87B6-3451EC2FC039}.Debug|Any CPU.ActiveCfg = Debug|Any CPU
		{9F103EBC-0A82-43E9-87B6-3451EC2FC039}.Debug|Any CPU.Build.0 = Debug|Any CPU
		{9F103EBC-0A82-43E9-87B6-3451EC2FC039}.Debug|x64.ActiveCfg = Debug|Any CPU
		{9F103EBC-0A82-43E9-87B6-3451EC2FC039}.Debug|x64.Build.0 = Debug|Any CPU
		{9F103EBC-0A82-43E9-87B6-3451EC2FC039}.Debug|x86.ActiveCfg = Debug|Any CPU
		{9F103EBC-0A82-43E9-87B6-3451EC2FC039}.Debug|x86.Build.0 = Debug|Any CPU
		{9F103EBC-0A82-43E9-87B6-3451EC2FC039}.Release|Any CPU.ActiveCfg = Release|Any CPU
		{9F103EBC-0A82-43E9-87B6-3451EC2FC039}.Release|Any CPU.Build.0 = Release|Any CPU
		{9F103EBC-0A82-43E9-87B6-3451EC2FC039}.Release|x64.ActiveCfg = Release|Any CPU
		{9F103EBC-0A82-43E9-87B6-3451EC2FC039}.Release|x64.Build.0 = Release|Any CPU
		{9F103EBC-0A82-43E9-87B6-3451EC2FC039}.Release|x86.ActiveCfg = Release|Any CPU
		{9F103EBC-0A82-43E9-87B6-3451EC2FC039}.Release|x86.Build.0 = Release|Any CPU
		{E2A904C7-A00C-4525-BDF8-A098E73D8EC0}.Debug|Any CPU.ActiveCfg = Debug|Any CPU
		{E2A904C7-A00C-4525-BDF8-A098E73D8EC0}.Debug|Any CPU.Build.0 = Debug|Any CPU
		{E2A904C7-A00C-4525-BDF8-A098E73D8EC0}.Debug|x64.ActiveCfg = Debug|Any CPU
		{E2A904C7-A00C-4525-BDF8-A098E73D8EC0}.Debug|x64.Build.0 = Debug|Any CPU
		{E2A904C7-A00C-4525-BDF8-A098E73D8EC0}.Debug|x86.ActiveCfg = Debug|Any CPU
		{E2A904C7-A00C-4525-BDF8-A098E73D8EC0}.Debug|x86.Build.0 = Debug|Any CPU
		{E2A904C7-A00C-4525-BDF8-A098E73D8EC0}.Release|Any CPU.ActiveCfg = Release|Any CPU
		{E2A904C7-A00C-4525-BDF8-A098E73D8EC0}.Release|Any CPU.Build.0 = Release|Any CPU
		{E2A904C7-A00C-4525-BDF8-A098E73D8EC0}.Release|x64.ActiveCfg = Release|Any CPU
		{E2A904C7-A00C-4525-BDF8-A098E73D8EC0}.Release|x64.Build.0 = Release|Any CPU
		{E2A904C7-A00C-4525-BDF8-A098E73D8EC0}.Release|x86.ActiveCfg = Release|Any CPU
		{E2A904C7-A00C-4525-BDF8-A098E73D8EC0}.Release|x86.Build.0 = Release|Any CPU
	EndGlobalSection
	GlobalSection(SolutionProperties) = preSolution
		HideSolutionNode = FALSE
	EndGlobalSection
	GlobalSection(NestedProjects) = preSolution
		{AC856AF3-1614-49CE-86B5-F8DB1FA774FC} = {827E0CD3-B72D-47B6-A68D-7590B98EB39B}
		{1BB18113-497C-4EDA-B762-BFD7E9B177BF} = {827E0CD3-B72D-47B6-A68D-7590B98EB39B}
		{81BA5814-B4C5-40C6-8750-03FF6F8E79E5} = {827E0CD3-B72D-47B6-A68D-7590B98EB39B}
		{2C95D89F-332F-45D6-BFD5-08F18B0B7650} = {827E0CD3-B72D-47B6-A68D-7590B98EB39B}
		{9F103EBC-0A82-43E9-87B6-3451EC2FC039} = {0AB3BF05-4346-4AA6-1389-037BE0695223}
		{E2A904C7-A00C-4525-BDF8-A098E73D8EC0} = {0AB3BF05-4346-4AA6-1389-037BE0695223}
	EndGlobalSection
EndGlobal
